
Microsoft Visual Studio Solution File, Format Version 12.00
# Visual Studio 15
VisualStudioVersion = 15.0.27703.2042
MinimumVisualStudioVersion = 10.0.40219.1
Project("{FAE04EC0-301F-11D3-BF4B-00C04F79EFBC}") = "Ciclo While", "Ciclo While\Ciclo While.csproj", "{E8F17A90-3739-49E1-ABBB-C2296639EAD0}"
EndProject
Global
	GlobalSection(SolutionConfigurationPlatforms) = preSolution
		Debug|Any CPU = Debug|Any CPU
		Release|Any CPU = Release|Any CPU
	EndGlobalSection
	GlobalSection(ProjectConfigurationPlatforms) = postSolution
		{E8F17A90-3739-49E1-ABBB-C2296639EAD0}.Debug|Any CPU.ActiveCfg = Debug|Any CPU
		{E8F17A90-3739-49E1-ABBB-C2296639EAD0}.Debug|Any CPU.Build.0 = Debug|Any CPU
		{E8F17A90-3739-49E1-ABBB-C2296639EAD0}.Release|Any CPU.ActiveCfg = Release|Any CPU
		{E8F17A90-3739-49E1-ABBB-C2296639EAD0}.Release|Any CPU.Build.0 = Release|Any CPU
	EndGlobalSection
	GlobalSection(SolutionProperties) = preSolution
		HideSolutionNode = FALSE
	EndGlobalSection
	GlobalSection(ExtensibilityGlobals) = postSolution
		SolutionGuid = {FCB2132C-F729-4B0F-9270-CA163D2C2DE8}
	EndGlobalSection
EndGlobal
